// !$*UTF8*$!
{
	archiveVersion = 1;
	classes = {
	};
	objectVersion = 50;
	objects = {

/* Begin PBXBuildFile section */
		E6046F2A23608E3300FA139D /* AppDelegate.swift in Sources */ = {isa = PBXBuildFile; fileRef = E6046F2923608E3300FA139D /* AppDelegate.swift */; };
		E6046F2C23608E3300FA139D /* SceneDelegate.swift in Sources */ = {isa = PBXBuildFile; fileRef = E6046F2B23608E3300FA139D /* SceneDelegate.swift */; };
		E6046F2F23608E3300FA139D /* ListAppSwiftUI.xcdatamodeld in Sources */ = {isa = PBXBuildFile; fileRef = E6046F2D23608E3300FA139D /* ListAppSwiftUI.xcdatamodeld */; };
		E6046F3123608E3300FA139D /* LandmarkListView.swift in Sources */ = {isa = PBXBuildFile; fileRef = E6046F3023608E3300FA139D /* LandmarkListView.swift */; };
		E6046F3323608E3700FA139D /* Assets.xcassets in Resources */ = {isa = PBXBuildFile; fileRef = E6046F3223608E3700FA139D /* Assets.xcassets */; };
		E6046F3623608E3700FA139D /* Preview Assets.xcassets in Resources */ = {isa = PBXBuildFile; fileRef = E6046F3523608E3700FA139D /* Preview Assets.xcassets */; };
		E6046F3923608E3800FA139D /* LaunchScreen.storyboard in Resources */ = {isa = PBXBuildFile; fileRef = E6046F3723608E3800FA139D /* LaunchScreen.storyboard */; };
		E6046F6423608F3D00FA139D /* LandmarkDetail.swift in Sources */ = {isa = PBXBuildFile; fileRef = E6046F6323608F3D00FA139D /* LandmarkDetail.swift */; };
		E6046F6623608F5300FA139D /* LandmarkRow.swift in Sources */ = {isa = PBXBuildFile; fileRef = E6046F6523608F5300FA139D /* LandmarkRow.swift */; };
		E6046F6B236091D600FA139D /* Data.swift in Sources */ = {isa = PBXBuildFile; fileRef = E6046F69236091D600FA139D /* Data.swift */; };
		E6046F6C236091D600FA139D /* Landmark.swift in Sources */ = {isa = PBXBuildFile; fileRef = E6046F6A236091D600FA139D /* Landmark.swift */; };
		E6046F7B2360920D00FA139D /* silversalmoncreek.jpg in Resources */ = {isa = PBXBuildFile; fileRef = E6046F6E2360920D00FA139D /* silversalmoncreek.jpg */; };
		E6046F7C2360920D00FA139D /* icybay.jpg in Resources */ = {isa = PBXBuildFile; fileRef = E6046F6F2360920D00FA139D /* icybay.jpg */; };
		E6046F7D2360920D00FA139D /* landmarkData.json in Resources */ = {isa = PBXBuildFile; fileRef = E6046F702360920D00FA139D /* landmarkData.json */; };
		E6046F7E2360920D00FA139D /* hiddenlake.jpg in Resources */ = {isa = PBXBuildFile; fileRef = E6046F712360920D00FA139D /* hiddenlake.jpg */; };
		E6046F7F2360920D00FA139D /* turtlerock.jpg in Resources */ = {isa = PBXBuildFile; fileRef = E6046F722360920D00FA139D /* turtlerock.jpg */; };
		E6046F802360920D00FA139D /* rainbowlake.jpg in Resources */ = {isa = PBXBuildFile; fileRef = E6046F732360920D00FA139D /* rainbowlake.jpg */; };
		E6046F812360920D00FA139D /* stmarylake.jpg in Resources */ = {isa = PBXBuildFile; fileRef = E6046F742360920D00FA139D /* stmarylake.jpg */; };
		E6046F822360920D00FA139D /* umbagog.jpg in Resources */ = {isa = PBXBuildFile; fileRef = E6046F752360920D00FA139D /* umbagog.jpg */; };
		E6046F832360920D00FA139D /* twinlake.jpg in Resources */ = {isa = PBXBuildFile; fileRef = E6046F762360920D00FA139D /* twinlake.jpg */; };
		E6046F842360920D00FA139D /* lakemcdonald.jpg in Resources */ = {isa = PBXBuildFile; fileRef = E6046F772360920D00FA139D /* lakemcdonald.jpg */; };
		E6046F852360920D00FA139D /* chincoteague.jpg in Resources */ = {isa = PBXBuildFile; fileRef = E6046F782360920D00FA139D /* chincoteague.jpg */; };
		E6046F862360920D00FA139D /* yukon_charleyrivers.jpg in Resources */ = {isa = PBXBuildFile; fileRef = E6046F792360920D00FA139D /* yukon_charleyrivers.jpg */; };
		E6046F872360920D00FA139D /* chilkoottrail.jpg in Resources */ = {isa = PBXBuildFile; fileRef = E6046F7A2360920D00FA139D /* chilkoottrail.jpg */; };
		E6046F8A2360928B00FA139D /* MapView.swift in Sources */ = {isa = PBXBuildFile; fileRef = E6046F882360928B00FA139D /* MapView.swift */; };
		E6046F8B2360928B00FA139D /* CircleImage.swift in Sources */ = {isa = PBXBuildFile; fileRef = E6046F892360928B00FA139D /* CircleImage.swift */; };
/* End PBXBuildFile section */

/* Begin PBXFileReference section */
		E6046F2623608E3300FA139D /* ListAppSwiftUI.app */ = {isa = PBXFileReference; explicitFileType = wrapper.application; includeInIndex = 0; path = ListAppSwiftUI.app; sourceTree = BUILT_PRODUCTS_DIR; };
		E6046F2923608E3300FA139D /* AppDelegate.swift */ = {isa = PBXFileReference; lastKnownFileType = sourcecode.swift; path = AppDelegate.swift; sourceTree = "<group>"; };
		E6046F2B23608E3300FA139D /* SceneDelegate.swift */ = {isa = PBXFileReference; lastKnownFileType = sourcecode.swift; path = SceneDelegate.swift; sourceTree = "<group>"; };
		E6046F2E23608E3300FA139D /* ListAppSwiftUI.xcdatamodel */ = {isa = PBXFileReference; lastKnownFileType = wrapper.xcdatamodel; path = ListAppSwiftUI.xcdatamodel; sourceTree = "<group>"; };
		E6046F3023608E3300FA139D /* LandmarkListView.swift */ = {isa = PBXFileReference; lastKnownFileType = sourcecode.swift; path = LandmarkListView.swift; sourceTree = "<group>"; };
		E6046F3223608E3700FA139D /* Assets.xcassets */ = {isa = PBXFileReference; lastKnownFileType = folder.assetcatalog; path = Assets.xcassets; sourceTree = "<group>"; };
		E6046F3523608E3700FA139D /* Preview Assets.xcassets */ = {isa = PBXFileReference; lastKnownFileType = folder.assetcatalog; path = "Preview Assets.xcassets"; sourceTree = "<group>"; };
		E6046F3823608E3800FA139D /* Base */ = {isa = PBXFileReference; lastKnownFileType = file.storyboard; name = Base; path = Base.lproj/LaunchScreen.storyboard; sourceTree = "<group>"; };
		E6046F3A23608E3800FA139D /* Info.plist */ = {isa = PBXFileReference; lastKnownFileType = text.plist.xml; path = Info.plist; sourceTree = "<group>"; };
		E6046F6323608F3D00FA139D /* LandmarkDetail.swift */ = {isa = PBXFileReference; lastKnownFileType = sourcecode.swift; path = LandmarkDetail.swift; sourceTree = "<group>"; };
		E6046F6523608F5300FA139D /* LandmarkRow.swift */ = {isa = PBXFileReference; lastKnownFileType = sourcecode.swift; path = LandmarkRow.swift; sourceTree = "<group>"; };
		E6046F69236091D600FA139D /* Data.swift */ = {isa = PBXFileReference; fileEncoding = 4; lastKnownFileType = sourcecode.swift; path = Data.swift; sourceTree = "<group>"; };
		E6046F6A236091D600FA139D /* Landmark.swift */ = {isa = PBXFileReference; fileEncoding = 4; lastKnownFileType = sourcecode.swift; path = Landmark.swift; sourceTree = "<group>"; };
		E6046F6E2360920D00FA139D /* silversalmoncreek.jpg */ = {isa = PBXFileReference; lastKnownFileType = image.jpeg; path = silversalmoncreek.jpg; sourceTree = "<group>"; };
		E6046F6F2360920D00FA139D /* icybay.jpg */ = {isa = PBXFileReference; lastKnownFileType = image.jpeg; path = icybay.jpg; sourceTree = "<group>"; };
		E6046F702360920D00FA139D /* landmarkData.json */ = {isa = PBXFileReference; fileEncoding = 4; lastKnownFileType = text.json; path = landmarkData.json; sourceTree = "<group>"; };
		E6046F712360920D00FA139D /* hiddenlake.jpg */ = {isa = PBXFileReference; lastKnownFileType = image.jpeg; path = hiddenlake.jpg; sourceTree = "<group>"; };
		E6046F722360920D00FA139D /* turtlerock.jpg */ = {isa = PBXFileReference; lastKnownFileType = image.jpeg; path = turtlerock.jpg; sourceTree = "<group>"; };
		E6046F732360920D00FA139D /* rainbowlake.jpg */ = {isa = PBXFileReference; lastKnownFileType = image.jpeg; path = rainbowlake.jpg; sourceTree = "<group>"; };
		E6046F742360920D00FA139D /* stmarylake.jpg */ = {isa = PBXFileReference; lastKnownFileType = image.jpeg; path = stmarylake.jpg; sourceTree = "<group>"; };
		E6046F752360920D00FA139D /* umbagog.jpg */ = {isa = PBXFileReference; lastKnownFileType = image.jpeg; path = umbagog.jpg; sourceTree = "<group>"; };
		E6046F762360920D00FA139D /* twinlake.jpg */ = {isa = PBXFileReference; lastKnownFileType = image.jpeg; path = twinlake.jpg; sourceTree = "<group>"; };
		E6046F772360920D00FA139D /* lakemcdonald.jpg */ = {isa = PBXFileReference; lastKnownFileType = image.jpeg; path = lakemcdonald.jpg; sourceTree = "<group>"; };
		E6046F782360920D00FA139D /* chincoteague.jpg */ = {isa = PBXFileReference; lastKnownFileType = image.jpeg; path = chincoteague.jpg; sourceTree = "<group>"; };
		E6046F792360920D00FA139D /* yukon_charleyrivers.jpg */ = {isa = PBXFileReference; lastKnownFileType = image.jpeg; path = yukon_charleyrivers.jpg; sourceTree = "<group>"; };
		E6046F7A2360920D00FA139D /* chilkoottrail.jpg */ = {isa = PBXFileReference; lastKnownFileType = image.jpeg; path = chilkoottrail.jpg; sourceTree = "<group>"; };
		E6046F882360928B00FA139D /* MapView.swift */ = {isa = PBXFileReference; fileEncoding = 4; lastKnownFileType = sourcecode.swift; path = MapView.swift; sourceTree = "<group>"; };
		E6046F892360928B00FA139D /* CircleImage.swift */ = {isa = PBXFileReference; fileEncoding = 4; lastKnownFileType = sourcecode.swift; path = CircleImage.swift; sourceTree = "<group>"; };
/* End PBXFileReference section */

/* Begin PBXFrameworksBuildPhase section */
		E6046F2323608E3300FA139D /* Frameworks */ = {
			isa = PBXFrameworksBuildPhase;
			buildActionMask = 2147483647;
			files = (
			);
			runOnlyForDeploymentPostprocessing = 0;
		};
/* End PBXFrameworksBuildPhase section */

/* Begin PBXGroup section */
		E6046F1D23608E3300FA139D = {
			isa = PBXGroup;
			children = (
				E6046F2823608E3300FA139D /* ListAppSwiftUI */,
				E6046F2723608E3300FA139D /* Products */,
			);
			sourceTree = "<group>";
		};
		E6046F2723608E3300FA139D /* Products */ = {
			isa = PBXGroup;
			children = (
				E6046F2623608E3300FA139D /* ListAppSwiftUI.app */,
			);
			name = Products;
			sourceTree = "<group>";
		};
		E6046F2823608E3300FA139D /* ListAppSwiftUI */ = {
			isa = PBXGroup;
			children = (
				E6046F6123608EEA00FA139D /* ADelegate */,
				E6046F3223608E3700FA139D /* Assets.xcassets */,
				E6046F6023608ED000FA139D /* Contents */,
				E6046F3A23608E3800FA139D /* Info.plist */,
				E6046F3723608E3800FA139D /* LaunchScreen.storyboard */,
				E6046F2D23608E3300FA139D /* ListAppSwiftUI.xcdatamodeld */,
				E6046F68236091D600FA139D /* Models */,
				E6046F3423608E3700FA139D /* Preview Content */,
				E6046F6D236091F200FA139D /* Resources */,
				E6046F6223608F3000FA139D /* Row */,
				E6046F6723608FBF00FA139D /* Views */,
			);
			path = ListAppSwiftUI;
			sourceTree = "<group>";
		};
		E6046F3423608E3700FA139D /* Preview Content */ = {
			isa = PBXGroup;
			children = (
				E6046F3523608E3700FA139D /* Preview Assets.xcassets */,
			);
			path = "Preview Content";
			sourceTree = "<group>";
		};
		E6046F6023608ED000FA139D /* Contents */ = {
			isa = PBXGroup;
			children = (
				E6046F3023608E3300FA139D /* LandmarkListView.swift */,
				E6046F6323608F3D00FA139D /* LandmarkDetail.swift */,
			);
			path = Contents;
			sourceTree = "<group>";
		};
		E6046F6123608EEA00FA139D /* ADelegate */ = {
			isa = PBXGroup;
			children = (
				E6046F2B23608E3300FA139D /* SceneDelegate.swift */,
				E6046F2923608E3300FA139D /* AppDelegate.swift */,
			);
			path = ADelegate;
			sourceTree = "<group>";
		};
		E6046F6223608F3000FA139D /* Row */ = {
			isa = PBXGroup;
			children = (
				E6046F6523608F5300FA139D /* LandmarkRow.swift */,
			);
			path = Row;
			sourceTree = "<group>";
		};
		E6046F6723608FBF00FA139D /* Views */ = {
			isa = PBXGroup;
			children = (
				E6046F892360928B00FA139D /* CircleImage.swift */,
				E6046F882360928B00FA139D /* MapView.swift */,
			);
			path = Views;
			sourceTree = "<group>";
		};
		E6046F68236091D600FA139D /* Models */ = {
			isa = PBXGroup;
			children = (
				E6046F69236091D600FA139D /* Data.swift */,
				E6046F6A236091D600FA139D /* Landmark.swift */,
			);
			path = Models;
			sourceTree = "<group>";
		};
		E6046F6D236091F200FA139D /* Resources */ = {
			isa = PBXGroup;
			children = (
				E6046F7A2360920D00FA139D /* chilkoottrail.jpg */,
				E6046F782360920D00FA139D /* chincoteague.jpg */,
				E6046F712360920D00FA139D /* hiddenlake.jpg */,
				E6046F6F2360920D00FA139D /* icybay.jpg */,
				E6046F772360920D00FA139D /* lakemcdonald.jpg */,
				E6046F702360920D00FA139D /* landmarkData.json */,
				E6046F732360920D00FA139D /* rainbowlake.jpg */,
				E6046F6E2360920D00FA139D /* silversalmoncreek.jpg */,
				E6046F742360920D00FA139D /* stmarylake.jpg */,
				E6046F722360920D00FA139D /* turtlerock.jpg */,
				E6046F762360920D00FA139D /* twinlake.jpg */,
				E6046F752360920D00FA139D /* umbagog.jpg */,
				E6046F792360920D00FA139D /* yukon_charleyrivers.jpg */,
			);
			path = Resources;
			sourceTree = "<group>";
		};
/* End PBXGroup section */

/* Begin PBXNativeTarget section */
		E6046F2523608E3300FA139D /* ListAppSwiftUI */ = {
			isa = PBXNativeTarget;
			buildConfigurationList = E6046F3D23608E3800FA139D /* Build configuration list for PBXNativeTarget "ListAppSwiftUI" */;
			buildPhases = (
				E6046F2223608E3300FA139D /* Sources */,
				E6046F2323608E3300FA139D /* Frameworks */,
				E6046F2423608E3300FA139D /* Resources */,
			);
			buildRules = (
			);
			dependencies = (
			);
			name = ListAppSwiftUI;
			productName = ListAppSwiftUI;
			productReference = E6046F2623608E3300FA139D /* ListAppSwiftUI.app */;
			productType = "com.apple.product-type.application";
		};
/* End PBXNativeTarget section */

/* Begin PBXProject section */
		E6046F1E23608E3300FA139D /* Project object */ = {
			isa = PBXProject;
			attributes = {
				LastSwiftUpdateCheck = 1110;
				LastUpgradeCheck = 1110;
				ORGANIZATIONNAME = "BTech Creators";
				TargetAttributes = {
					E6046F2523608E3300FA139D = {
						CreatedOnToolsVersion = 11.1;
					};
				};
			};
			buildConfigurationList = E6046F2123608E3300FA139D /* Build configuration list for PBXProject "ListAppSwiftUI" */;
			compatibilityVersion = "Xcode 9.3";
			developmentRegion = en;
			hasScannedForEncodings = 0;
			knownRegions = (
				en,
				Base,
			);
			mainGroup = E6046F1D23608E3300FA139D;
			productRefGroup = E6046F2723608E3300FA139D /* Products */;
			projectDirPath = "";
			projectRoot = "";
			targets = (
				E6046F2523608E3300FA139D /* ListAppSwiftUI */,
			);
		};
/* End PBXProject section */

/* Begin PBXResourcesBuildPhase section */
		E6046F2423608E3300FA139D /* Resources */ = {
			isa = PBXResourcesBuildPhase;
			buildActionMask = 2147483647;
			files = (
				E6046F3923608E3800FA139D /* LaunchScreen.storyboard in Resources */,
				E6046F7B2360920D00FA139D /* silversalmoncreek.jpg in Resources */,
				E6046F3623608E3700FA139D /* Preview Assets.xcassets in Resources */,
				E6046F842360920D00FA139D /* lakemcdonald.jpg in Resources */,
				E6046F862360920D00FA139D /* yukon_charleyrivers.jpg in Resources */,
				E6046F7C2360920D00FA139D /* icybay.jpg in Resources */,
				E6046F7F2360920D00FA139D /* turtlerock.jpg in Resources */,
				E6046F3323608E3700FA139D /* Assets.xcassets in Resources */,
				E6046F832360920D00FA139D /* twinlake.jpg in Resources */,
				E6046F872360920D00FA139D /* chilkoottrail.jpg in Resources */,
				E6046F812360920D00FA139D /* stmarylake.jpg in Resources */,
				E6046F7D2360920D00FA139D /* landmarkData.json in Resources */,
				E6046F852360920D00FA139D /* chincoteague.jpg in Resources */,
				E6046F802360920D00FA139D /* rainbowlake.jpg in Resources */,
				E6046F822360920D00FA139D /* umbagog.jpg in Resources */,
				E6046F7E2360920D00FA139D /* hiddenlake.jpg in Resources */,
			);
			runOnlyForDeploymentPostprocessing = 0;
		};
/* End PBXResourcesBuildPhase section */

/* Begin PBXSourcesBuildPhase section */
		E6046F2223608E3300FA139D /* Sources */ = {
			isa = PBXSourcesBuildPhase;
			buildActionMask = 2147483647;
			files = (
				E6046F2A23608E3300FA139D /* AppDelegate.swift in Sources */,
				E6046F2C23608E3300FA139D /* SceneDelegate.swift in Sources */,
				E6046F3123608E3300FA139D /* LandmarkListView.swift in Sources */,
				E6046F2F23608E3300FA139D /* ListAppSwiftUI.xcdatamodeld in Sources */,
				E6046F6623608F5300FA139D /* LandmarkRow.swift in Sources */,
				E6046F6B236091D600FA139D /* Data.swift in Sources */,
				E6046F6423608F3D00FA139D /* LandmarkDetail.swift in Sources */,
				E6046F8A2360928B00FA139D /* MapView.swift in Sources */,
				E6046F6C236091D600FA139D /* Landmark.swift in Sources */,
				E6046F8B2360928B00FA139D /* CircleImage.swift in Sources */,
			);
			runOnlyForDeploymentPostprocessing = 0;
		};
/* End PBXSourcesBuildPhase section */

/* Begin PBXVariantGroup section */
		E6046F3723608E3800FA139D /* LaunchScreen.storyboard */ = {
			isa = PBXVariantGroup;
			children = (
				E6046F3823608E3800FA139D /* Base */,
			);
			name = LaunchScreen.storyboard;
			sourceTree = "<group>";
		};
/* End PBXVariantGroup section */

/* Begin XCBuildConfiguration section */
		E6046F3B23608E3800FA139D /* Debug */ = {
			isa = XCBuildConfiguration;
			buildSettings = {
				ALWAYS_SEARCH_USER_PATHS = NO;
				CLANG_ANALYZER_NONNULL = YES;
				CLANG_ANALYZER_NUMBER_OBJECT_CONVERSION = YES_AGGRESSIVE;
				CLANG_CXX_LANGUAGE_STANDARD = "gnu++14";
				CLANG_CXX_LIBRARY = "libc++";
				CLANG_ENABLE_MODULES = YES;
				CLANG_ENABLE_OBJC_ARC = YES;
				CLANG_ENABLE_OBJC_WEAK = YES;
				CLANG_WARN_BLOCK_CAPTURE_AUTORELEASING = YES;
				CLANG_WARN_BOOL_CONVERSION = YES;
				CLANG_WARN_COMMA = YES;
				CLANG_WARN_CONSTANT_CONVERSION = YES;
				CLANG_WARN_DEPRECATED_OBJC_IMPLEMENTATIONS = YES;
				CLANG_WARN_DIRECT_OBJC_ISA_USAGE = YES_ERROR;
				CLANG_WARN_DOCUMENTATION_COMMENTS = YES;
				CLANG_WARN_EMPTY_BODY = YES;
				CLANG_WARN_ENUM_CONVERSION = YES;
				CLANG_WARN_INFINITE_RECURSION = YES;
				CLANG_WARN_INT_CONVERSION = YES;
				CLANG_WARN_NON_LITERAL_NULL_CONVERSION = YES;
				CLANG_WARN_OBJC_IMPLICIT_RETAIN_SELF = YES;
				CLANG_WARN_OBJC_LITERAL_CONVERSION = YES;
				CLANG_WARN_OBJC_ROOT_CLASS = YES_ERROR;
				CLANG_WARN_RANGE_LOOP_ANALYSIS = YES;
				CLANG_WARN_STRICT_PROTOTYPES = YES;
				CLANG_WARN_SUSPICIOUS_MOVE = YES;
				CLANG_WARN_UNGUARDED_AVAILABILITY = YES_AGGRESSIVE;
				CLANG_WARN_UNREACHABLE_CODE = YES;
				CLANG_WARN__DUPLICATE_METHOD_MATCH = YES;
				COPY_PHASE_STRIP = NO;
				DEBUG_INFORMATION_FORMAT = dwarf;
				ENABLE_STRICT_OBJC_MSGSEND = YES;
				ENABLE_TESTABILITY = YES;
				GCC_C_LANGUAGE_STANDARD = gnu11;
				GCC_DYNAMIC_NO_PIC = NO;
				GCC_NO_COMMON_BLOCKS = YES;
				GCC_OPTIMIZATION_LEVEL = 0;
				GCC_PREPROCESSOR_DEFINITIONS = (
					"DEBUG=1",
					"$(inherited)",
				);
				GCC_WARN_64_TO_32_BIT_CONVERSION = YES;
				GCC_WARN_ABOUT_RETURN_TYPE = YES_ERROR;
				GCC_WARN_UNDECLARED_SELECTOR = YES;
				GCC_WARN_UNINITIALIZED_AUTOS = YES_AGGRESSIVE;
				GCC_WARN_UNUSED_FUNCTION = YES;
				GCC_WARN_UNUSED_VARIABLE = YES;
				IPHONEOS_DEPLOYMENT_TARGET = 13.1;
				MTL_ENABLE_DEBUG_INFO = INCLUDE_SOURCE;
				MTL_FAST_MATH = YES;
				ONLY_ACTIVE_ARCH = YES;
				SDKROOT = iphoneos;
				SWIFT_ACTIVE_COMPILATION_CONDITIONS = DEBUG;
				SWIFT_OPTIMIZATION_LEVEL = "-Onone";
			};
			name = Debug;
		};
		E6046F3C23608E3800FA139D /* Release */ = {
			isa = XCBuildConfiguration;
			buildSettings = {
				ALWAYS_SEARCH_USER_PATHS = NO;
				CLANG_ANALYZER_NONNULL = YES;
				CLANG_ANALYZER_NUMBER_OBJECT_CONVERSION = YES_AGGRESSIVE;
				CLANG_CXX_LANGUAGE_STANDARD = "gnu++14";
				CLANG_CXX_LIBRARY = "libc++";
				CLANG_ENABLE_MODULES = YES;
				CLANG_ENABLE_OBJC_ARC = YES;
				CLANG_ENABLE_OBJC_WEAK = YES;
				CLANG_WARN_BLOCK_CAPTURE_AUTORELEASING = YES;
				CLANG_WARN_BOOL_CONVERSION = YES;
				CLANG_WARN_COMMA = YES;
				CLANG_WARN_CONSTANT_CONVERSION = YES;
				CLANG_WARN_DEPRECATED_OBJC_IMPLEMENTATIONS = YES;
				CLANG_WARN_DIRECT_OBJC_ISA_USAGE = YES_ERROR;
				CLANG_WARN_DOCUMENTATION_COMMENTS = YES;
				CLANG_WARN_EMPTY_BODY = YES;
				CLANG_WARN_ENUM_CONVERSION = YES;
				CLANG_WARN_INFINITE_RECURSION = YES;
				CLANG_WARN_INT_CONVERSION = YES;
				CLANG_WARN_NON_LITERAL_NULL_CONVERSION = YES;
				CLANG_WARN_OBJC_IMPLICIT_RETAIN_SELF = YES;
				CLANG_WARN_OBJC_LITERAL_CONVERSION = YES;
				CLANG_WARN_OBJC_ROOT_CLASS = YES_ERROR;
				CLANG_WARN_RANGE_LOOP_ANALYSIS = YES;
				CLANG_WARN_STRICT_PROTOTYPES = YES;
				CLANG_WARN_SUSPICIOUS_MOVE = YES;
				CLANG_WARN_UNGUARDED_AVAILABILITY = YES_AGGRESSIVE;
				CLANG_WARN_UNREACHABLE_CODE = YES;
				CLANG_WARN__DUPLICATE_METHOD_MATCH = YES;
				COPY_PHASE_STRIP = NO;
				DEBUG_INFORMATION_FORMAT = "dwarf-with-dsym";
				ENABLE_NS_ASSERTIONS = NO;
				ENABLE_STRICT_OBJC_MSGSEND = YES;
				GCC_C_LANGUAGE_STANDARD = gnu11;
				GCC_NO_COMMON_BLOCKS = YES;
				GCC_WARN_64_TO_32_BIT_CONVERSION = YES;
				GCC_WARN_ABOUT_RETURN_TYPE = YES_ERROR;
				GCC_WARN_UNDECLARED_SELECTOR = YES;
				GCC_WARN_UNINITIALIZED_AUTOS = YES_AGGRESSIVE;
				GCC_WARN_UNUSED_FUNCTION = YES;
				GCC_WARN_UNUSED_VARIABLE = YES;
				IPHONEOS_DEPLOYMENT_TARGET = 13.1;
				MTL_ENABLE_DEBUG_INFO = NO;
				MTL_FAST_MATH = YES;
				SDKROOT = iphoneos;
				SWIFT_COMPILATION_MODE = wholemodule;
				SWIFT_OPTIMIZATION_LEVEL = "-O";
				VALIDATE_PRODUCT = YES;
			};
			name = Release;
		};
		E6046F3E23608E3800FA139D /* Debug */ = {
			isa = XCBuildConfiguration;
			buildSettings = {
				ASSETCATALOG_COMPILER_APPICON_NAME = AppIcon;
				CODE_SIGN_STYLE = Automatic;
				DEVELOPMENT_ASSET_PATHS = "\"ListAppSwiftUI/Preview Content\"";
				DEVELOPMENT_TEAM = 7YTHVK7RBK;
				ENABLE_PREVIEWS = YES;
				INFOPLIST_FILE = ListAppSwiftUI/Info.plist;
				LD_RUNPATH_SEARCH_PATHS = (
					"$(inherited)",
					"@executable_path/Frameworks",
				);
				PRODUCT_BUNDLE_IDENTIFIER = uk.co.Appinstitute.ListAppSwiftUI;
				PRODUCT_NAME = "$(TARGET_NAME)";
				SWIFT_VERSION = 5.0;
				TARGETED_DEVICE_FAMILY = "1,2";
			};
			name = Debug;
		};
		E6046F3F23608E3800FA139D /* Release */ = {
			isa = XCBuildConfiguration;
			buildSettings = {
				ASSETCATALOG_COMPILER_APPICON_NAME = AppIcon;
				CODE_SIGN_STYLE = Automatic;
				DEVELOPMENT_ASSET_PATHS = "\"ListAppSwiftUI/Preview Content\"";
				DEVELOPMENT_TEAM = 7YTHVK7RBK;
				ENABLE_PREVIEWS = YES;
				INFOPLIST_FILE = ListAppSwiftUI/Info.plist;
				LD_RUNPATH_SEARCH_PATHS = (
					"$(inherited)",
					"@executable_path/Frameworks",
				);
				PRODUCT_BUNDLE_IDENTIFIER = uk.co.Appinstitute.ListAppSwiftUI;
				PRODUCT_NAME = "$(TARGET_NAME)";
				SWIFT_VERSION = 5.0;
				TARGETED_DEVICE_FAMILY = "1,2";
			};
			name = Release;
		};
/* End XCBuildConfiguration section */

/* Begin XCConfigurationList section */
		E6046F2123608E3300FA139D /* Build configuration list for PBXProject "ListAppSwiftUI" */ = {
			isa = XCConfigurationList;
			buildConfigurations = (
				E6046F3B23608E3800FA139D /* Debug */,
				E6046F3C23608E3800FA139D /* Release */,
			);
			defaultConfigurationIsVisible = 0;
			defaultConfigurationName = Release;
		};
		E6046F3D23608E3800FA139D /* Build configuration list for PBXNativeTarget "ListAppSwiftUI" */ = {
			isa = XCConfigurationList;
			buildConfigurations = (
				E6046F3E23608E3800FA139D /* Debug */,
				E6046F3F23608E3800FA139D /* Release */,
			);
			defaultConfigurationIsVisible = 0;
			defaultConfigurationName = Release;
		};
/* End XCConfigurationList section */

/* Begin XCVersionGroup section */
		E6046F2D23608E3300FA139D /* ListAppSwiftUI.xcdatamodeld */ = {
			isa = XCVersionGroup;
			children = (
				E6046F2E23608E3300FA139D /* ListAppSwiftUI.xcdatamodel */,
			);
			currentVersion = E6046F2E23608E3300FA139D /* ListAppSwiftUI.xcdatamodel */;
			path = ListAppSwiftUI.xcdatamodeld;
			sourceTree = "<group>";
			versionGroupType = wrapper.xcdatamodel;
		};
/* End XCVersionGroup section */
	};
	rootObject = E6046F1E23608E3300FA139D /* Project object */;
}
